
Microsoft Visual Studio Solution File, Format Version 12.00
# Visual Studio Version 17
VisualStudioVersion = 17.0.31612.314
MinimumVisualStudioVersion = 10.0.40219.1
Project("{9A19103F-16F7-4668-BE54-9A1E7A4F7556}") = "Todo.Backend", "Todo.Backend\Todo.Backend.csproj", "{7DF5703B-5D58-40FD-8411-0CC82BBE14A9}"
EndProject
Project("{54A90642-561A-4BB1-A94E-469ADEE60C69}") = "frontend", "Todo.Frontend\frontend.esproj", "{156CDF70-78E4-4CC1-94E2-F64EB5EFE355}"
EndProject
Project("{2150E333-8FDC-42A3-9474-1A3956D46DE8}") = "Todo.Frontend", "Todo.Frontend", "{8DB7A81E-B90F-418C-9C36-AE8F36ED87BD}"
EndProject
Global
	GlobalSection(SolutionConfigurationPlatforms) = preSolution
		Debug|Any CPU = Debug|Any CPU
		Release|Any CPU = Release|Any CPU
	EndGlobalSection
	GlobalSection(ProjectConfigurationPlatforms) = postSolution
		{7DF5703B-5D58-40FD-8411-0CC82BBE14A9}.Debug|Any CPU.ActiveCfg = Debug|Any CPU
		{7DF5703B-5D58-40FD-8411-0CC82BBE14A9}.Debug|Any CPU.Build.0 = Debug|Any CPU
		{7DF5703B-5D58-40FD-8411-0CC82BBE14A9}.Release|Any CPU.ActiveCfg = Release|Any CPU
		{7DF5703B-5D58-40FD-8411-0CC82BBE14A9}.Release|Any CPU.Build.0 = Release|Any CPU
		{156CDF70-78E4-4CC1-94E2-F64EB5EFE355}.Debug|Any CPU.ActiveCfg = Debug|Any CPU
		{156CDF70-78E4-4CC1-94E2-F64EB5EFE355}.Debug|Any CPU.Build.0 = Debug|Any CPU
		{156CDF70-78E4-4CC1-94E2-F64EB5EFE355}.Debug|Any CPU.Deploy.0 = Debug|Any CPU
		{156CDF70-78E4-4CC1-94E2-F64EB5EFE355}.Release|Any CPU.ActiveCfg = Release|Any CPU
		{156CDF70-78E4-4CC1-94E2-F64EB5EFE355}.Release|Any CPU.Build.0 = Release|Any CPU
		{156CDF70-78E4-4CC1-94E2-F64EB5EFE355}.Release|Any CPU.Deploy.0 = Release|Any CPU
	EndGlobalSection
	GlobalSection(SolutionProperties) = preSolution
		HideSolutionNode = FALSE
	EndGlobalSection
	GlobalSection(NestedProjects) = preSolution
		{156CDF70-78E4-4CC1-94E2-F64EB5EFE355} = {8DB7A81E-B90F-418C-9C36-AE8F36ED87BD}
	EndGlobalSection
	GlobalSection(ExtensibilityGlobals) = postSolution
		SolutionGuid = {5FA7EA78-9F4D-499A-B47C-E7F762E6D120}
	EndGlobalSection
EndGlobal
